
Microsoft Visual Studio Solution File, Format Version 12.00
# Visual Studio Version 17
VisualStudioVersion = 17.6.33723.286
MinimumVisualStudioVersion = 10.0.40219.1
Project("{9A19103F-16F7-4668-BE54-9A1E7A4F7556}") = "MovieStoreApp", "MovieStoreApp\MovieStoreApp.csproj", "{1AFBCAAB-CB42-4129-AE43-B464B294168E}"
EndProject
Global
	GlobalSection(SolutionConfigurationPlatforms) = preSolution
		Debug|Any CPU = Debug|Any CPU
		Release|Any CPU = Release|Any CPU
	EndGlobalSection
	GlobalSection(ProjectConfigurationPlatforms) = postSolution
		{1AFBCAAB-CB42-4129-AE43-B464B294168E}.Debug|Any CPU.ActiveCfg = Debug|Any CPU
		{1AFBCAAB-CB42-4129-AE43-B464B294168E}.Debug|Any CPU.Build.0 = Debug|Any CPU
		{1AFBCAAB-CB42-4129-AE43-B464B294168E}.Release|Any CPU.ActiveCfg = Release|Any CPU
		{1AFBCAAB-CB42-4129-AE43-B464B294168E}.Release|Any CPU.Build.0 = Release|Any CPU
	EndGlobalSection
	GlobalSection(SolutionProperties) = preSolution
		HideSolutionNode = FALSE
	EndGlobalSection
	GlobalSection(ExtensibilityGlobals) = postSolution
		SolutionGuid = {588949C6-871A-4E35-ADC5-758C3B1A0E83}
	EndGlobalSection
EndGlobal
